
Microsoft Visual Studio Solution File, Format Version 12.00
# Visual Studio Version 16
VisualStudioVersion = 16.0.31005.135
MinimumVisualStudioVersion = 10.0.40219.1
Project("{FAE04EC0-301F-11D3-BF4B-00C04F79EFBC}") = "Inheritance", "Inheritance\Inheritance.csproj", "{C9D7C61F-E431-467B-B9F3-9319BF36A11E}"
EndProject
Global
	GlobalSection(SolutionConfigurationPlatforms) = preSolution
		Debug|Any CPU = Debug|Any CPU
		Release|Any CPU = Release|Any CPU
	EndGlobalSection
	GlobalSection(ProjectConfigurationPlatforms) = postSolution
		{C9D7C61F-E431-467B-B9F3-9319BF36A11E}.Debug|Any CPU.ActiveCfg = Debug|Any CPU
		{C9D7C61F-E431-467B-B9F3-9319BF36A11E}.Debug|Any CPU.Build.0 = Debug|Any CPU
		{C9D7C61F-E431-467B-B9F3-9319BF36A11E}.Release|Any CPU.ActiveCfg = Release|Any CPU
		{C9D7C61F-E431-467B-B9F3-9319BF36A11E}.Release|Any CPU.Build.0 = Release|Any CPU
	EndGlobalSection
	GlobalSection(SolutionProperties) = preSolution
		HideSolutionNode = FALSE
	EndGlobalSection
	GlobalSection(ExtensibilityGlobals) = postSolution
		SolutionGuid = {7A70E7CD-BEEF-4E57-B842-A6F7A66527F2}
	EndGlobalSection
EndGlobal
